{
  "name": "TextMate",
  "lockfileVersion": 3,
  "requires": true,
  "packages": {
    "": {
      "devDependencies": {
        "react-video-thumbnail": "^0.1.3"
      }
    },
    "node_modules/react-video-thumbnail": {
      "version": "0.1.3",
      "resolved": "https://registry.npmjs.org/react-video-thumbnail/-/react-video-thumbnail-0.1.3.tgz",
      "integrity": "sha512-ZakEVv9RNFcziAnHHtwod5tf0yMVv4aLZ8/QsCxt1HTnKRHrlylvolPKv1hr63GCwnPu6tgPjUTDKRqfl30lOQ==",
      "dev": true
    }
  }
}
